
Microsoft Visual Studio Solution File, Format Version 12.00
# Visual Studio Version 17
VisualStudioVersion = 17.5.002.0
MinimumVisualStudioVersion = 10.0.40219.1
Project("{9A19103F-16F7-4668-BE54-9A1E7A4F7556}") = "RecipeFinder", "RecipeFinder\RecipeFinder.csproj", "{8B277F8C-A062-4DE3-B173-8D576C31A8D1}"
EndProject
Global
	GlobalSection(SolutionConfigurationPlatforms) = preSolution
		Debug|Any CPU = Debug|Any CPU
		Release|Any CPU = Release|Any CPU
	EndGlobalSection
	GlobalSection(ProjectConfigurationPlatforms) = postSolution
		{8B277F8C-A062-4DE3-B173-8D576C31A8D1}.Debug|Any CPU.ActiveCfg = Debug|Any CPU
		{8B277F8C-A062-4DE3-B173-8D576C31A8D1}.Debug|Any CPU.Build.0 = Debug|Any CPU
		{8B277F8C-A062-4DE3-B173-8D576C31A8D1}.Release|Any CPU.ActiveCfg = Release|Any CPU
		{8B277F8C-A062-4DE3-B173-8D576C31A8D1}.Release|Any CPU.Build.0 = Release|Any CPU
	EndGlobalSection
	GlobalSection(SolutionProperties) = preSolution
		HideSolutionNode = FALSE
	EndGlobalSection
	GlobalSection(ExtensibilityGlobals) = postSolution
		SolutionGuid = {D36AE768-0E6F-42D0-BD1D-67F50FA896DF}
	EndGlobalSection
EndGlobal
